
Microsoft Visual Studio Solution File, Format Version 12.00
# Visual Studio Version 17
VisualStudioVersion = 17.5.33516.290
MinimumVisualStudioVersion = 10.0.40219.1
Project("{FAE04EC0-301F-11D3-BF4B-00C04F79EFBC}") = "Barunson.PrivateApi", "Barunson.PrivateApi.csproj", "{63C8130B-4BBD-42A6-9D45-0A0700BA6621}"
EndProject
Global
	GlobalSection(SolutionConfigurationPlatforms) = preSolution
		Debug|Any CPU = Debug|Any CPU
		Release|Any CPU = Release|Any CPU
	EndGlobalSection
	GlobalSection(ProjectConfigurationPlatforms) = postSolution
		{63C8130B-4BBD-42A6-9D45-0A0700BA6621}.Debug|Any CPU.ActiveCfg = Debug|Any CPU
		{63C8130B-4BBD-42A6-9D45-0A0700BA6621}.Debug|Any CPU.Build.0 = Debug|Any CPU
		{63C8130B-4BBD-42A6-9D45-0A0700BA6621}.Release|Any CPU.ActiveCfg = Release|Any CPU
		{63C8130B-4BBD-42A6-9D45-0A0700BA6621}.Release|Any CPU.Build.0 = Release|Any CPU
	EndGlobalSection
	GlobalSection(SolutionProperties) = preSolution
		HideSolutionNode = FALSE
	EndGlobalSection
	GlobalSection(ExtensibilityGlobals) = postSolution
		SolutionGuid = {48A450ED-0EE9-4A2E-92DB-6AE13D58591B}
	EndGlobalSection
EndGlobal
